
Microsoft Visual Studio Solution File, Format Version 12.00
# Visual Studio Version 16
VisualStudioVersion = 16.0.28315.86
MinimumVisualStudioVersion = 10.0.40219.1
Project("{2150E333-8FDC-42A3-9474-1A3956D46DE8}") = "Engine", "Engine", "{233774A8-CC9D-3FA9-86D1-90573E92B704}"
EndProject
Project("{2150E333-8FDC-42A3-9474-1A3956D46DE8}") = "Games", "Games", "{DE1F8B53-6C02-3C13-9101-A7C8D96F3FF6}"
EndProject
Project("{8BC9CEB8-8B4A-11D0-8D11-00A0C91BC942}") = "UE5", "Intermediate\ProjectFiles\UE5.vcxproj", "{57F5E6EF-0A2C-313A-810A-5672921F3F24}"
EndProject
Project("{8BC9CEB8-8B4A-11D0-8D11-00A0C91BC942}") = "BlockBreaker", "Intermediate\ProjectFiles\BlockBreaker.vcxproj", "{605C0045-FD93-3291-AB4B-502037C6C927}"
EndProject
Project("{2150E333-8FDC-42A3-9474-1A3956D46DE8}") = "Visualizers", "Visualizers", "{1CCEC849-CC72-4C59-8C36-2F7C38706D4C}"
	ProjectSection(SolutionItems) = preProject
		D:\EPIC\UE_5.1\Engine\Extras\VisualStudioDebugging\Unreal.natvis = D:\EPIC\UE_5.1\Engine\Extras\VisualStudioDebugging\Unreal.natvis
	EndProjectSection
EndProject
Global
	GlobalSection(SolutionConfigurationPlatforms) = preSolution
		DebugGame Editor|Win64 = DebugGame Editor|Win64
		DebugGame|Win64 = DebugGame|Win64
		Development Editor|Win64 = Development Editor|Win64
		Development|Win64 = Development|Win64
		Shipping|Win64 = Shipping|Win64
	EndGlobalSection
	# UnrealVS Section
	GlobalSection(ddbf523f-7eb6-4887-bd51-85a714ff87eb) = preSolution
		AvailablePlatforms=Win64
	EndGlobalSection
	GlobalSection(ProjectConfigurationPlatforms) = postSolution
		{57F5E6EF-0A2C-313A-810A-5672921F3F24}.DebugGame Editor|Win64.ActiveCfg = BuiltWithUnrealBuildTool|Win64
		{57F5E6EF-0A2C-313A-810A-5672921F3F24}.DebugGame|Win64.ActiveCfg = BuiltWithUnrealBuildTool|Win64
		{57F5E6EF-0A2C-313A-810A-5672921F3F24}.Development Editor|Win64.ActiveCfg = BuiltWithUnrealBuildTool|Win64
		{57F5E6EF-0A2C-313A-810A-5672921F3F24}.Development|Win64.ActiveCfg = BuiltWithUnrealBuildTool|Win64
		{57F5E6EF-0A2C-313A-810A-5672921F3F24}.Shipping|Win64.ActiveCfg = BuiltWithUnrealBuildTool|Win64
		{605C0045-FD93-3291-AB4B-502037C6C927}.DebugGame Editor|Win64.ActiveCfg = DebugGame_Editor|x64
		{605C0045-FD93-3291-AB4B-502037C6C927}.DebugGame Editor|Win64.Build.0 = DebugGame_Editor|x64
		{605C0045-FD93-3291-AB4B-502037C6C927}.DebugGame|Win64.ActiveCfg = DebugGame|x64
		{605C0045-FD93-3291-AB4B-502037C6C927}.DebugGame|Win64.Build.0 = DebugGame|x64
		{605C0045-FD93-3291-AB4B-502037C6C927}.Development Editor|Win64.ActiveCfg = Development_Editor|x64
		{605C0045-FD93-3291-AB4B-502037C6C927}.Development Editor|Win64.Build.0 = Development_Editor|x64
		{605C0045-FD93-3291-AB4B-502037C6C927}.Development|Win64.ActiveCfg = Development|x64
		{605C0045-FD93-3291-AB4B-502037C6C927}.Development|Win64.Build.0 = Development|x64
		{605C0045-FD93-3291-AB4B-502037C6C927}.Shipping|Win64.ActiveCfg = Shipping|x64
		{605C0045-FD93-3291-AB4B-502037C6C927}.Shipping|Win64.Build.0 = Shipping|x64
	EndGlobalSection
	GlobalSection(SolutionProperties) = preSolution
		HideSolutionNode = FALSE
	EndGlobalSection
	GlobalSection(NestedProjects) = preSolution
		{57F5E6EF-0A2C-313A-810A-5672921F3F24} = {233774A8-CC9D-3FA9-86D1-90573E92B704}
		{605C0045-FD93-3291-AB4B-502037C6C927} = {DE1F8B53-6C02-3C13-9101-A7C8D96F3FF6}
	EndGlobalSection
EndGlobal
